
Microsoft Visual Studio Solution File, Format Version 12.00
# Visual Studio Version 17
VisualStudioVersion = 17.0.31903.59
MinimumVisualStudioVersion = 10.0.40219.1
Project("{2150E333-8FDC-42A3-9474-1A3956D46DE8}") = "src", "src", "{0585DF4E-078B-418D-944C-190ECEA17388}"
EndProject
Project("{2150E333-8FDC-42A3-9474-1A3956D46DE8}") = "common", "common", "{3A82751E-AC80-4AA9-8959-406A63E546DE}"
EndProject
Project("{FAE04EC0-301F-11D3-BF4B-00C04F79EFBC}") = "Dev.Infrastructure", "src\common\Dev.Infrastructure\Dev.Infrastructure.csproj", "{BEE3E954-FA0B-4AC9-A7F5-BFA7088D8628}"
EndProject
Project("{FAE04EC0-301F-11D3-BF4B-00C04F79EFBC}") = "Dev.Core", "src\common\Dev.Core\Dev.Core.csproj", "{4D99A431-5A95-401A-B6DB-208DF28FBAD0}"
EndProject
Project("{2150E333-8FDC-42A3-9474-1A3956D46DE8}") = "plugins", "plugins", "{CB163C69-3FF0-4C89-853B-48F59DC55B21}"
EndProject
Project("{2150E333-8FDC-42A3-9474-1A3956D46DE8}") = "webhost", "webhost", "{69BFBBB8-172C-4463-A238-491F40B28D1D}"
EndProject
Project("{FAE04EC0-301F-11D3-BF4B-00C04F79EFBC}") = "Dev.WebApi", "src\webhost\Dev.WebApi\Dev.WebApi.csproj", "{3BEBE7F8-7DAD-4765-BB38-C954159B103B}"
EndProject
Project("{FAE04EC0-301F-11D3-BF4B-00C04F79EFBC}") = "Dev.Plugin.Blog.Core", "src\plugins\Dev.Plugin.Blog.Core\Dev.Plugin.Blog.Core.csproj", "{11F822E5-B9D1-4487-8464-78B91FDABCC5}"
EndProject
Project("{FAE04EC0-301F-11D3-BF4B-00C04F79EFBC}") = "Dev.Plugin.Blog.Infrastructure", "src\plugins\Dev.Plugin.Blog.Infrastructure\Dev.Plugin.Blog.Infrastructure.csproj", "{E62BED28-E3EE-4A11-89E6-E4803218BFCE}"
EndProject
Project("{FAE04EC0-301F-11D3-BF4B-00C04F79EFBC}") = "Dev.Plugin.Auth.Core", "src\plugins\Dev.Plugin.Auth.Core\Dev.Plugin.Auth.Core.csproj", "{0E35E7BF-8F43-4013-B101-BFE9D627B028}"
EndProject
Project("{FAE04EC0-301F-11D3-BF4B-00C04F79EFBC}") = "Dev.Plugin.Auth.Infrastructure", "src\plugins\Dev.Plugin.Auth.Infrastructure\Dev.Plugin.Auth.Infrastructure.csproj", "{795CBC00-3D1E-4CD6-8AD8-73A3EEB82D3B}"
EndProject
Project("{2150E333-8FDC-42A3-9474-1A3956D46DE8}") = "tests", "tests", "{479D45E4-F3CE-4BFF-BD2D-7A1E0C19BC81}"
EndProject
Project("{FAE04EC0-301F-11D3-BF4B-00C04F79EFBC}") = "Dev.Plugin.Auth.IntergrationTests", "tests\Dev.Plugin.Auth.IntergrationTests\Dev.Plugin.Auth.IntergrationTests.csproj", "{AA449B30-9972-492C-AD0B-D933960ABBFE}"
EndProject
Global
	GlobalSection(SolutionConfigurationPlatforms) = preSolution
		Debug|Any CPU = Debug|Any CPU
		Release|Any CPU = Release|Any CPU
	EndGlobalSection
	GlobalSection(ProjectConfigurationPlatforms) = postSolution
		{BEE3E954-FA0B-4AC9-A7F5-BFA7088D8628}.Debug|Any CPU.ActiveCfg = Debug|Any CPU
		{BEE3E954-FA0B-4AC9-A7F5-BFA7088D8628}.Debug|Any CPU.Build.0 = Debug|Any CPU
		{BEE3E954-FA0B-4AC9-A7F5-BFA7088D8628}.Release|Any CPU.ActiveCfg = Release|Any CPU
		{BEE3E954-FA0B-4AC9-A7F5-BFA7088D8628}.Release|Any CPU.Build.0 = Release|Any CPU
		{4D99A431-5A95-401A-B6DB-208DF28FBAD0}.Debug|Any CPU.ActiveCfg = Debug|Any CPU
		{4D99A431-5A95-401A-B6DB-208DF28FBAD0}.Debug|Any CPU.Build.0 = Debug|Any CPU
		{4D99A431-5A95-401A-B6DB-208DF28FBAD0}.Release|Any CPU.ActiveCfg = Release|Any CPU
		{4D99A431-5A95-401A-B6DB-208DF28FBAD0}.Release|Any CPU.Build.0 = Release|Any CPU
		{3BEBE7F8-7DAD-4765-BB38-C954159B103B}.Debug|Any CPU.ActiveCfg = Debug|Any CPU
		{3BEBE7F8-7DAD-4765-BB38-C954159B103B}.Debug|Any CPU.Build.0 = Debug|Any CPU
		{3BEBE7F8-7DAD-4765-BB38-C954159B103B}.Release|Any CPU.ActiveCfg = Release|Any CPU
		{3BEBE7F8-7DAD-4765-BB38-C954159B103B}.Release|Any CPU.Build.0 = Release|Any CPU
		{11F822E5-B9D1-4487-8464-78B91FDABCC5}.Debug|Any CPU.ActiveCfg = Debug|Any CPU
		{11F822E5-B9D1-4487-8464-78B91FDABCC5}.Debug|Any CPU.Build.0 = Debug|Any CPU
		{11F822E5-B9D1-4487-8464-78B91FDABCC5}.Release|Any CPU.ActiveCfg = Release|Any CPU
		{11F822E5-B9D1-4487-8464-78B91FDABCC5}.Release|Any CPU.Build.0 = Release|Any CPU
		{E62BED28-E3EE-4A11-89E6-E4803218BFCE}.Debug|Any CPU.ActiveCfg = Debug|Any CPU
		{E62BED28-E3EE-4A11-89E6-E4803218BFCE}.Debug|Any CPU.Build.0 = Debug|Any CPU
		{E62BED28-E3EE-4A11-89E6-E4803218BFCE}.Release|Any CPU.ActiveCfg = Release|Any CPU
		{E62BED28-E3EE-4A11-89E6-E4803218BFCE}.Release|Any CPU.Build.0 = Release|Any CPU
		{0E35E7BF-8F43-4013-B101-BFE9D627B028}.Debug|Any CPU.ActiveCfg = Debug|Any CPU
		{0E35E7BF-8F43-4013-B101-BFE9D627B028}.Debug|Any CPU.Build.0 = Debug|Any CPU
		{0E35E7BF-8F43-4013-B101-BFE9D627B028}.Release|Any CPU.ActiveCfg = Release|Any CPU
		{0E35E7BF-8F43-4013-B101-BFE9D627B028}.Release|Any CPU.Build.0 = Release|Any CPU
		{795CBC00-3D1E-4CD6-8AD8-73A3EEB82D3B}.Debug|Any CPU.ActiveCfg = Debug|Any CPU
		{795CBC00-3D1E-4CD6-8AD8-73A3EEB82D3B}.Debug|Any CPU.Build.0 = Debug|Any CPU
		{795CBC00-3D1E-4CD6-8AD8-73A3EEB82D3B}.Release|Any CPU.ActiveCfg = Release|Any CPU
		{795CBC00-3D1E-4CD6-8AD8-73A3EEB82D3B}.Release|Any CPU.Build.0 = Release|Any CPU
		{AA449B30-9972-492C-AD0B-D933960ABBFE}.Debug|Any CPU.ActiveCfg = Debug|Any CPU
		{AA449B30-9972-492C-AD0B-D933960ABBFE}.Debug|Any CPU.Build.0 = Debug|Any CPU
		{AA449B30-9972-492C-AD0B-D933960ABBFE}.Release|Any CPU.ActiveCfg = Release|Any CPU
		{AA449B30-9972-492C-AD0B-D933960ABBFE}.Release|Any CPU.Build.0 = Release|Any CPU
	EndGlobalSection
	GlobalSection(SolutionProperties) = preSolution
		HideSolutionNode = FALSE
	EndGlobalSection
	GlobalSection(NestedProjects) = preSolution
		{3A82751E-AC80-4AA9-8959-406A63E546DE} = {0585DF4E-078B-418D-944C-190ECEA17388}
		{BEE3E954-FA0B-4AC9-A7F5-BFA7088D8628} = {3A82751E-AC80-4AA9-8959-406A63E546DE}
		{4D99A431-5A95-401A-B6DB-208DF28FBAD0} = {3A82751E-AC80-4AA9-8959-406A63E546DE}
		{CB163C69-3FF0-4C89-853B-48F59DC55B21} = {0585DF4E-078B-418D-944C-190ECEA17388}
		{69BFBBB8-172C-4463-A238-491F40B28D1D} = {0585DF4E-078B-418D-944C-190ECEA17388}
		{3BEBE7F8-7DAD-4765-BB38-C954159B103B} = {69BFBBB8-172C-4463-A238-491F40B28D1D}
		{11F822E5-B9D1-4487-8464-78B91FDABCC5} = {CB163C69-3FF0-4C89-853B-48F59DC55B21}
		{E62BED28-E3EE-4A11-89E6-E4803218BFCE} = {CB163C69-3FF0-4C89-853B-48F59DC55B21}
		{0E35E7BF-8F43-4013-B101-BFE9D627B028} = {CB163C69-3FF0-4C89-853B-48F59DC55B21}
		{795CBC00-3D1E-4CD6-8AD8-73A3EEB82D3B} = {CB163C69-3FF0-4C89-853B-48F59DC55B21}
		{AA449B30-9972-492C-AD0B-D933960ABBFE} = {479D45E4-F3CE-4BFF-BD2D-7A1E0C19BC81}
	EndGlobalSection
EndGlobal
